
Microsoft Visual Studio Solution File, Format Version 12.00
# Visual Studio 15
VisualStudioVersion = 15.0.26403.7
MinimumVisualStudioVersion = 10.0.40219.1
Project("{FAE04EC0-301F-11D3-BF4B-00C04F79EFBC}") = "Bookself", "Bookself\Bookself.csproj", "{33B80217-4907-4D63-ADC5-E7A1AAFCCAE8}"
EndProject
Project("{FAE04EC0-301F-11D3-BF4B-00C04F79EFBC}") = "Bookself.Tests", "Bookself.Tests\Bookself.Tests.csproj", "{9853EAA4-D59B-4BEE-802D-8EC31042F5C5}"
EndProject
Global
	GlobalSection(SolutionConfigurationPlatforms) = preSolution
		Debug|Any CPU = Debug|Any CPU
		Release|Any CPU = Release|Any CPU
	EndGlobalSection
	GlobalSection(ProjectConfigurationPlatforms) = postSolution
		{33B80217-4907-4D63-ADC5-E7A1AAFCCAE8}.Debug|Any CPU.ActiveCfg = Debug|Any CPU
		{33B80217-4907-4D63-ADC5-E7A1AAFCCAE8}.Debug|Any CPU.Build.0 = Debug|Any CPU
		{33B80217-4907-4D63-ADC5-E7A1AAFCCAE8}.Release|Any CPU.ActiveCfg = Release|Any CPU
		{33B80217-4907-4D63-ADC5-E7A1AAFCCAE8}.Release|Any CPU.Build.0 = Release|Any CPU
		{9853EAA4-D59B-4BEE-802D-8EC31042F5C5}.Debug|Any CPU.ActiveCfg = Debug|Any CPU
		{9853EAA4-D59B-4BEE-802D-8EC31042F5C5}.Debug|Any CPU.Build.0 = Debug|Any CPU
		{9853EAA4-D59B-4BEE-802D-8EC31042F5C5}.Release|Any CPU.ActiveCfg = Release|Any CPU
		{9853EAA4-D59B-4BEE-802D-8EC31042F5C5}.Release|Any CPU.Build.0 = Release|Any CPU
	EndGlobalSection
	GlobalSection(SolutionProperties) = preSolution
		HideSolutionNode = FALSE
	EndGlobalSection
EndGlobal
