
Microsoft Visual Studio Solution File, Format Version 12.00
# Visual Studio 15
VisualStudioVersion = 15.0.26403.7
MinimumVisualStudioVersion = 10.0.40219.1
Project("{FAE04EC0-301F-11D3-BF4B-00C04F79EFBC}") = "Bookself", "WebApplication1\Bookself.csproj", "{5A005AB4-542E-4B07-BAB9-1F4C186D905A}"
EndProject
Global
	GlobalSection(SolutionConfigurationPlatforms) = preSolution
		Debug|Any CPU = Debug|Any CPU
		Release|Any CPU = Release|Any CPU
	EndGlobalSection
	GlobalSection(ProjectConfigurationPlatforms) = postSolution
		{5A005AB4-542E-4B07-BAB9-1F4C186D905A}.Debug|Any CPU.ActiveCfg = Debug|Any CPU
		{5A005AB4-542E-4B07-BAB9-1F4C186D905A}.Debug|Any CPU.Build.0 = Debug|Any CPU
		{5A005AB4-542E-4B07-BAB9-1F4C186D905A}.Release|Any CPU.ActiveCfg = Release|Any CPU
		{5A005AB4-542E-4B07-BAB9-1F4C186D905A}.Release|Any CPU.Build.0 = Release|Any CPU
	EndGlobalSection
	GlobalSection(SolutionProperties) = preSolution
		HideSolutionNode = FALSE
	EndGlobalSection
EndGlobal
